
Microsoft Visual Studio Solution File, Format Version 12.00
# Visual Studio Version 17
VisualStudioVersion = 17.10.35027.167
MinimumVisualStudioVersion = 10.0.40219.1
Project("{FAE04EC0-301F-11D3-BF4B-00C04F79EFBC}") = "WinFormsApp1", "WinFormsApp1.csproj", "{2182DB34-40B2-43BE-8FA1-9E16A49F5432}"
EndProject
Global
	GlobalSection(SolutionConfigurationPlatforms) = preSolution
		Debug|Any CPU = Debug|Any CPU
		Release|Any CPU = Release|Any CPU
	EndGlobalSection
	GlobalSection(ProjectConfigurationPlatforms) = postSolution
		{2182DB34-40B2-43BE-8FA1-9E16A49F5432}.Debug|Any CPU.ActiveCfg = Debug|Any CPU
		{2182DB34-40B2-43BE-8FA1-9E16A49F5432}.Debug|Any CPU.Build.0 = Debug|Any CPU
		{2182DB34-40B2-43BE-8FA1-9E16A49F5432}.Release|Any CPU.ActiveCfg = Release|Any CPU
		{2182DB34-40B2-43BE-8FA1-9E16A49F5432}.Release|Any CPU.Build.0 = Release|Any CPU
	EndGlobalSection
	GlobalSection(SolutionProperties) = preSolution
		HideSolutionNode = FALSE
	EndGlobalSection
	GlobalSection(ExtensibilityGlobals) = postSolution
		SolutionGuid = {925ADA91-E421-4B90-8170-C6855161542C}
	EndGlobalSection
EndGlobal
