
Microsoft Visual Studio Solution File, Format Version 12.00
# Visual Studio Version 17
VisualStudioVersion = 17.10.35027.167
MinimumVisualStudioVersion = 10.0.40219.1
Project("{FAE04EC0-301F-11D3-BF4B-00C04F79EFBC}") = "prjnestFor", "prjnestFor.csproj", "{C2192ED7-96BC-4243-B9D3-0924D85E2B9B}"
EndProject
Global
	GlobalSection(SolutionConfigurationPlatforms) = preSolution
		Debug|Any CPU = Debug|Any CPU
		Release|Any CPU = Release|Any CPU
	EndGlobalSection
	GlobalSection(ProjectConfigurationPlatforms) = postSolution
		{C2192ED7-96BC-4243-B9D3-0924D85E2B9B}.Debug|Any CPU.ActiveCfg = Debug|Any CPU
		{C2192ED7-96BC-4243-B9D3-0924D85E2B9B}.Debug|Any CPU.Build.0 = Debug|Any CPU
		{C2192ED7-96BC-4243-B9D3-0924D85E2B9B}.Release|Any CPU.ActiveCfg = Release|Any CPU
		{C2192ED7-96BC-4243-B9D3-0924D85E2B9B}.Release|Any CPU.Build.0 = Release|Any CPU
	EndGlobalSection
	GlobalSection(SolutionProperties) = preSolution
		HideSolutionNode = FALSE
	EndGlobalSection
	GlobalSection(ExtensibilityGlobals) = postSolution
		SolutionGuid = {49DF5C43-3ADA-43AF-9128-72FA79A0A879}
	EndGlobalSection
EndGlobal
